// !$*UTF8*$!
{
	archiveVersion = 1;
	classes = {
	};
	objectVersion = 46;
	objects = {

/* Begin PBXBuildFile section */
		8602E1CF1C628F6700791E42 /* CreateAccountRootViewController.swift in Sources */ = {isa = PBXBuildFile; fileRef = 8602E1CE1C628F6700791E42 /* CreateAccountRootViewController.swift */; };
		861B57DE1C611FF1003464C1 /* AppDelegate.swift in Sources */ = {isa = PBXBuildFile; fileRef = 861B57DD1C611FF1003464C1 /* AppDelegate.swift */; };
		861B57E31C611FF1003464C1 /* Main.storyboard in Resources */ = {isa = PBXBuildFile; fileRef = 861B57E11C611FF1003464C1 /* Main.storyboard */; };
		861B57E51C611FF1003464C1 /* Assets.xcassets in Resources */ = {isa = PBXBuildFile; fileRef = 861B57E41C611FF1003464C1 /* Assets.xcassets */; };
		861B57E81C611FF1003464C1 /* LaunchScreen.storyboard in Resources */ = {isa = PBXBuildFile; fileRef = 861B57E61C611FF1003464C1 /* LaunchScreen.storyboard */; };
		861B57F31C611FF1003464C1 /* Codepath_HW_1Tests.swift in Sources */ = {isa = PBXBuildFile; fileRef = 861B57F21C611FF1003464C1 /* Codepath_HW_1Tests.swift */; };
		861B57FE1C611FF1003464C1 /* Codepath_HW_1UITests.swift in Sources */ = {isa = PBXBuildFile; fileRef = 861B57FD1C611FF1003464C1 /* Codepath_HW_1UITests.swift */; };
		8643EC6B1C63230C00F0C77B /* Create1ViewController.swift in Sources */ = {isa = PBXBuildFile; fileRef = 8643EC6A1C63230C00F0C77B /* Create1ViewController.swift */; };
		8643EC6F1C63271700F0C77B /* SignInViewController.swift in Sources */ = {isa = PBXBuildFile; fileRef = 8643EC6E1C63271700F0C77B /* SignInViewController.swift */; };
		8643EC711C632F2900F0C77B /* SettingsViewController.swift in Sources */ = {isa = PBXBuildFile; fileRef = 8643EC701C632F2900F0C77B /* SettingsViewController.swift */; };
		8643EC731C6331C300F0C77B /* ToSViewController.swift in Sources */ = {isa = PBXBuildFile; fileRef = 8643EC721C6331C300F0C77B /* ToSViewController.swift */; };
		8643EC751C63351C00F0C77B /* ForgotPasswordViewController.swift in Sources */ = {isa = PBXBuildFile; fileRef = 8643EC741C63351C00F0C77B /* ForgotPasswordViewController.swift */; };
		8667EB4E1C64122200A260B4 /* ExistingPhotosViewController.swift in Sources */ = {isa = PBXBuildFile; fileRef = 8667EB4D1C64122200A260B4 /* ExistingPhotosViewController.swift */; };
		86918EEC1C6423CE00EA97EE /* PhotoDetailViewController.swift in Sources */ = {isa = PBXBuildFile; fileRef = 86918EEB1C6423CE00EA97EE /* PhotoDetailViewController.swift */; };
		86918EEE1C64262100EA97EE /* FavoritesViewController.swift in Sources */ = {isa = PBXBuildFile; fileRef = 86918EED1C64262100EA97EE /* FavoritesViewController.swift */; };
		86918EF01C642D0900EA97EE /* WelcomeScrollViewController.swift in Sources */ = {isa = PBXBuildFile; fileRef = 86918EEF1C642D0900EA97EE /* WelcomeScrollViewController.swift */; };
		86BABBC91C62885C00E19429 /* SignInRootViewController.swift in Sources */ = {isa = PBXBuildFile; fileRef = 86BABBC81C62885C00E19429 /* SignInRootViewController.swift */; };
/* End PBXBuildFile section */

/* Begin PBXContainerItemProxy section */
		861B57EF1C611FF1003464C1 /* PBXContainerItemProxy */ = {
			isa = PBXContainerItemProxy;
			containerPortal = 861B57D21C611FF1003464C1 /* Project object */;
			proxyType = 1;
			remoteGlobalIDString = 861B57D91C611FF1003464C1;
			remoteInfo = "Codepath HW 1";
		};
		861B57FA1C611FF1003464C1 /* PBXContainerItemProxy */ = {
			isa = PBXContainerItemProxy;
			containerPortal = 861B57D21C611FF1003464C1 /* Project object */;
			proxyType = 1;
			remoteGlobalIDString = 861B57D91C611FF1003464C1;
			remoteInfo = "Codepath HW 1";
		};
/* End PBXContainerItemProxy section */

/* Begin PBXFileReference section */
		8602E1CE1C628F6700791E42 /* CreateAccountRootViewController.swift */ = {isa = PBXFileReference; fileEncoding = 4; lastKnownFileType = sourcecode.swift; name = CreateAccountRootViewController.swift; path = ../CreateAccountRootViewController.swift; sourceTree = "<group>"; };
		861B57DA1C611FF1003464C1 /* Codepath HW 1.app */ = {isa = PBXFileReference; explicitFileType = wrapper.application; includeInIndex = 0; path = "Codepath HW 1.app"; sourceTree = BUILT_PRODUCTS_DIR; };
		861B57DD1C611FF1003464C1 /* AppDelegate.swift */ = {isa = PBXFileReference; lastKnownFileType = sourcecode.swift; path = AppDelegate.swift; sourceTree = "<group>"; };
		861B57E21C611FF1003464C1 /* Base */ = {isa = PBXFileReference; lastKnownFileType = file.storyboard; name = Base; path = Base.lproj/Main.storyboard; sourceTree = "<group>"; };
		861B57E41C611FF1003464C1 /* Assets.xcassets */ = {isa = PBXFileReference; lastKnownFileType = folder.assetcatalog; path = Assets.xcassets; sourceTree = "<group>"; };
		861B57E71C611FF1003464C1 /* Base */ = {isa = PBXFileReference; lastKnownFileType = file.storyboard; name = Base; path = Base.lproj/LaunchScreen.storyboard; sourceTree = "<group>"; };
		861B57E91C611FF1003464C1 /* Info.plist */ = {isa = PBXFileReference; lastKnownFileType = text.plist.xml; path = Info.plist; sourceTree = "<group>"; };
		861B57EE1C611FF1003464C1 /* Codepath HW 1Tests.xctest */ = {isa = PBXFileReference; explicitFileType = wrapper.cfbundle; includeInIndex = 0; path = "Codepath HW 1Tests.xctest"; sourceTree = BUILT_PRODUCTS_DIR; };
		861B57F21C611FF1003464C1 /* Codepath_HW_1Tests.swift */ = {isa = PBXFileReference; lastKnownFileType = sourcecode.swift; path = Codepath_HW_1Tests.swift; sourceTree = "<group>"; };
		861B57F41C611FF1003464C1 /* Info.plist */ = {isa = PBXFileReference; lastKnownFileType = text.plist.xml; path = Info.plist; sourceTree = "<group>"; };
		861B57F91C611FF1003464C1 /* Codepath HW 1UITests.xctest */ = {isa = PBXFileReference; explicitFileType = wrapper.cfbundle; includeInIndex = 0; path = "Codepath HW 1UITests.xctest"; sourceTree = BUILT_PRODUCTS_DIR; };
		861B57FD1C611FF1003464C1 /* Codepath_HW_1UITests.swift */ = {isa = PBXFileReference; lastKnownFileType = sourcecode.swift; path = Codepath_HW_1UITests.swift; sourceTree = "<group>"; };
		861B57FF1C611FF1003464C1 /* Info.plist */ = {isa = PBXFileReference; lastKnownFileType = text.plist.xml; path = Info.plist; sourceTree = "<group>"; };
		8643EC6A1C63230C00F0C77B /* Create1ViewController.swift */ = {isa = PBXFileReference; fileEncoding = 4; lastKnownFileType = sourcecode.swift; path = Create1ViewController.swift; sourceTree = "<group>"; };
		8643EC6E1C63271700F0C77B /* SignInViewController.swift */ = {isa = PBXFileReference; fileEncoding = 4; lastKnownFileType = sourcecode.swift; path = SignInViewController.swift; sourceTree = "<group>"; };
		8643EC701C632F2900F0C77B /* SettingsViewController.swift */ = {isa = PBXFileReference; fileEncoding = 4; lastKnownFileType = sourcecode.swift; path = SettingsViewController.swift; sourceTree = "<group>"; };
		8643EC721C6331C300F0C77B /* ToSViewController.swift */ = {isa = PBXFileReference; fileEncoding = 4; lastKnownFileType = sourcecode.swift; path = ToSViewController.swift; sourceTree = "<group>"; };
		8643EC741C63351C00F0C77B /* ForgotPasswordViewController.swift */ = {isa = PBXFileReference; fileEncoding = 4; lastKnownFileType = sourcecode.swift; path = ForgotPasswordViewController.swift; sourceTree = "<group>"; };
		8667EB4D1C64122200A260B4 /* ExistingPhotosViewController.swift */ = {isa = PBXFileReference; fileEncoding = 4; lastKnownFileType = sourcecode.swift; name = ExistingPhotosViewController.swift; path = ../ExistingPhotosViewController.swift; sourceTree = "<group>"; };
		86918EEB1C6423CE00EA97EE /* PhotoDetailViewController.swift */ = {isa = PBXFileReference; fileEncoding = 4; lastKnownFileType = sourcecode.swift; path = PhotoDetailViewController.swift; sourceTree = "<group>"; };
		86918EED1C64262100EA97EE /* FavoritesViewController.swift */ = {isa = PBXFileReference; fileEncoding = 4; lastKnownFileType = sourcecode.swift; path = FavoritesViewController.swift; sourceTree = "<group>"; };
		86918EEF1C642D0900EA97EE /* WelcomeScrollViewController.swift */ = {isa = PBXFileReference; fileEncoding = 4; lastKnownFileType = sourcecode.swift; path = WelcomeScrollViewController.swift; sourceTree = "<group>"; };
		86BABBC81C62885C00E19429 /* SignInRootViewController.swift */ = {isa = PBXFileReference; fileEncoding = 4; lastKnownFileType = sourcecode.swift; name = SignInRootViewController.swift; path = ../SignInRootViewController.swift; sourceTree = "<group>"; };
/* End PBXFileReference section */

/* Begin PBXFrameworksBuildPhase section */
		861B57D71C611FF1003464C1 /* Frameworks */ = {
			isa = PBXFrameworksBuildPhase;
			buildActionMask = 2147483647;
			files = (
			);
			runOnlyForDeploymentPostprocessing = 0;
		};
		861B57EB1C611FF1003464C1 /* Frameworks */ = {
			isa = PBXFrameworksBuildPhase;
			buildActionMask = 2147483647;
			files = (
			);
			runOnlyForDeploymentPostprocessing = 0;
		};
		861B57F61C611FF1003464C1 /* Frameworks */ = {
			isa = PBXFrameworksBuildPhase;
			buildActionMask = 2147483647;
			files = (
			);
			runOnlyForDeploymentPostprocessing = 0;
		};
/* End PBXFrameworksBuildPhase section */

/* Begin PBXGroup section */
		861B57D11C611FF1003464C1 = {
			isa = PBXGroup;
			children = (
				861B57DC1C611FF1003464C1 /* Codepath HW 1 */,
				861B57F11C611FF1003464C1 /* Codepath HW 1Tests */,
				861B57FC1C611FF1003464C1 /* Codepath HW 1UITests */,
				861B57DB1C611FF1003464C1 /* Products */,
			);
			sourceTree = "<group>";
		};
		861B57DB1C611FF1003464C1 /* Products */ = {
			isa = PBXGroup;
			children = (
				861B57DA1C611FF1003464C1 /* Codepath HW 1.app */,
				861B57EE1C611FF1003464C1 /* Codepath HW 1Tests.xctest */,
				861B57F91C611FF1003464C1 /* Codepath HW 1UITests.xctest */,
			);
			name = Products;
			sourceTree = "<group>";
		};
		861B57DC1C611FF1003464C1 /* Codepath HW 1 */ = {
			isa = PBXGroup;
			children = (
				861B57DD1C611FF1003464C1 /* AppDelegate.swift */,
				8602E1CE1C628F6700791E42 /* CreateAccountRootViewController.swift */,
				86BABBC81C62885C00E19429 /* SignInRootViewController.swift */,
				861B57E11C611FF1003464C1 /* Main.storyboard */,
				86918EEF1C642D0900EA97EE /* WelcomeScrollViewController.swift */,
				86918EED1C64262100EA97EE /* FavoritesViewController.swift */,
				86918EEB1C6423CE00EA97EE /* PhotoDetailViewController.swift */,
				8667EB4D1C64122200A260B4 /* ExistingPhotosViewController.swift */,
				8643EC741C63351C00F0C77B /* ForgotPasswordViewController.swift */,
				8643EC721C6331C300F0C77B /* ToSViewController.swift */,
				8643EC701C632F2900F0C77B /* SettingsViewController.swift */,
				8643EC6E1C63271700F0C77B /* SignInViewController.swift */,
				8643EC6A1C63230C00F0C77B /* Create1ViewController.swift */,
				861B57E41C611FF1003464C1 /* Assets.xcassets */,
				861B57E61C611FF1003464C1 /* LaunchScreen.storyboard */,
				861B57E91C611FF1003464C1 /* Info.plist */,
			);
			path = "Codepath HW 1";
			sourceTree = "<group>";
		};
		861B57F11C611FF1003464C1 /* Codepath HW 1Tests */ = {
			isa = PBXGroup;
			children = (
				861B57F21C611FF1003464C1 /* Codepath_HW_1Tests.swift */,
				861B57F41C611FF1003464C1 /* Info.plist */,
			);
			path = "Codepath HW 1Tests";
			sourceTree = "<group>";
		};
		861B57FC1C611FF1003464C1 /* Codepath HW 1UITests */ = {
			isa = PBXGroup;
			children = (
				861B57FD1C611FF1003464C1 /* Codepath_HW_1UITests.swift */,
				861B57FF1C611FF1003464C1 /* Info.plist */,
			);
			path = "Codepath HW 1UITests";
			sourceTree = "<group>";
		};
/* End PBXGroup section */

/* Begin PBXNativeTarget section */
		861B57D91C611FF1003464C1 /* Codepath HW 1 */ = {
			isa = PBXNativeTarget;
			buildConfigurationList = 861B58021C611FF1003464C1 /* Build configuration list for PBXNativeTarget "Codepath HW 1" */;
			buildPhases = (
				861B57D61C611FF1003464C1 /* Sources */,
				861B57D71C611FF1003464C1 /* Frameworks */,
				861B57D81C611FF1003464C1 /* Resources */,
			);
			buildRules = (
			);
			dependencies = (
			);
			name = "Codepath HW 1";
			productName = "Codepath HW 1";
			productReference = 861B57DA1C611FF1003464C1 /* Codepath HW 1.app */;
			productType = "com.apple.product-type.application";
		};
		861B57ED1C611FF1003464C1 /* Codepath HW 1Tests */ = {
			isa = PBXNativeTarget;
			buildConfigurationList = 861B58051C611FF1003464C1 /* Build configuration list for PBXNativeTarget "Codepath HW 1Tests" */;
			buildPhases = (
				861B57EA1C611FF1003464C1 /* Sources */,
				861B57EB1C611FF1003464C1 /* Frameworks */,
				861B57EC1C611FF1003464C1 /* Resources */,
			);
			buildRules = (
			);
			dependencies = (
				861B57F01C611FF1003464C1 /* PBXTargetDependency */,
			);
			name = "Codepath HW 1Tests";
			productName = "Codepath HW 1Tests";
			productReference = 861B57EE1C611FF1003464C1 /* Codepath HW 1Tests.xctest */;
			productType = "com.apple.product-type.bundle.unit-test";
		};
		861B57F81C611FF1003464C1 /* Codepath HW 1UITests */ = {
			isa = PBXNativeTarget;
			buildConfigurationList = 861B58081C611FF1003464C1 /* Build configuration list for PBXNativeTarget "Codepath HW 1UITests" */;
			buildPhases = (
				861B57F51C611FF1003464C1 /* Sources */,
				861B57F61C611FF1003464C1 /* Frameworks */,
				861B57F71C611FF1003464C1 /* Resources */,
			);
			buildRules = (
			);
			dependencies = (
				861B57FB1C611FF1003464C1 /* PBXTargetDependency */,
			);
			name = "Codepath HW 1UITests";
			productName = "Codepath HW 1UITests";
			productReference = 861B57F91C611FF1003464C1 /* Codepath HW 1UITests.xctest */;
			productType = "com.apple.product-type.bundle.ui-testing";
		};
/* End PBXNativeTarget section */

/* Begin PBXProject section */
		861B57D21C611FF1003464C1 /* Project object */ = {
			isa = PBXProject;
			attributes = {
				LastSwiftUpdateCheck = 0720;
				LastUpgradeCheck = 0720;
				ORGANIZATIONNAME = "Alvin Hsia";
				TargetAttributes = {
					861B57D91C611FF1003464C1 = {
						CreatedOnToolsVersion = 7.2;
						DevelopmentTeam = RFKCMZ4W79;
					};
					861B57ED1C611FF1003464C1 = {
						CreatedOnToolsVersion = 7.2;
						DevelopmentTeam = RFKCMZ4W79;
						TestTargetID = 861B57D91C611FF1003464C1;
					};
					861B57F81C611FF1003464C1 = {
						CreatedOnToolsVersion = 7.2;
						DevelopmentTeam = RFKCMZ4W79;
						TestTargetID = 861B57D91C611FF1003464C1;
					};
				};
			};
			buildConfigurationList = 861B57D51C611FF1003464C1 /* Build configuration list for PBXProject "Codepath HW 1" */;
			compatibilityVersion = "Xcode 3.2";
			developmentRegion = English;
			hasScannedForEncodings = 0;
			knownRegions = (
				en,
				Base,
			);
			mainGroup = 861B57D11C611FF1003464C1;
			productRefGroup = 861B57DB1C611FF1003464C1 /* Products */;
			projectDirPath = "";
			projectRoot = "";
			targets = (
				861B57D91C611FF1003464C1 /* Codepath HW 1 */,
				861B57ED1C611FF1003464C1 /* Codepath HW 1Tests */,
				861B57F81C611FF1003464C1 /* Codepath HW 1UITests */,
			);
		};
/* End PBXProject section */

/* Begin PBXResourcesBuildPhase section */
		861B57D81C611FF1003464C1 /* Resources */ = {
			isa = PBXResourcesBuildPhase;
			buildActionMask = 2147483647;
			files = (
				861B57E81C611FF1003464C1 /* LaunchScreen.storyboard in Resources */,
				861B57E51C611FF1003464C1 /* Assets.xcassets in Resources */,
				861B57E31C611FF1003464C1 /* Main.storyboard in Resources */,
			);
			runOnlyForDeploymentPostprocessing = 0;
		};
		861B57EC1C611FF1003464C1 /* Resources */ = {
			isa = PBXResourcesBuildPhase;
			buildActionMask = 2147483647;
			files = (
			);
			runOnlyForDeploymentPostprocessing = 0;
		};
		861B57F71C611FF1003464C1 /* Resources */ = {
			isa = PBXResourcesBuildPhase;
			buildActionMask = 2147483647;
			files = (
			);
			runOnlyForDeploymentPostprocessing = 0;
		};
/* End PBXResourcesBuildPhase section */

/* Begin PBXSourcesBuildPhase section */
		861B57D61C611FF1003464C1 /* Sources */ = {
			isa = PBXSourcesBuildPhase;
			buildActionMask = 2147483647;
			files = (
				8643EC751C63351C00F0C77B /* ForgotPasswordViewController.swift in Sources */,
				8602E1CF1C628F6700791E42 /* CreateAccountRootViewController.swift in Sources */,
				86BABBC91C62885C00E19429 /* SignInRootViewController.swift in Sources */,
				8667EB4E1C64122200A260B4 /* ExistingPhotosViewController.swift in Sources */,
				8643EC6F1C63271700F0C77B /* SignInViewController.swift in Sources */,
				8643EC731C6331C300F0C77B /* ToSViewController.swift in Sources */,
				86918EF01C642D0900EA97EE /* WelcomeScrollViewController.swift in Sources */,
				86918EEE1C64262100EA97EE /* FavoritesViewController.swift in Sources */,
				8643EC6B1C63230C00F0C77B /* Create1ViewController.swift in Sources */,
				861B57DE1C611FF1003464C1 /* AppDelegate.swift in Sources */,
				86918EEC1C6423CE00EA97EE /* PhotoDetailViewController.swift in Sources */,
				8643EC711C632F2900F0C77B /* SettingsViewController.swift in Sources */,
			);
			runOnlyForDeploymentPostprocessing = 0;
		};
		861B57EA1C611FF1003464C1 /* Sources */ = {
			isa = PBXSourcesBuildPhase;
			buildActionMask = 2147483647;
			files = (
				861B57F31C611FF1003464C1 /* Codepath_HW_1Tests.swift in Sources */,
			);
			runOnlyForDeploymentPostprocessing = 0;
		};
		861B57F51C611FF1003464C1 /* Sources */ = {
			isa = PBXSourcesBuildPhase;
			buildActionMask = 2147483647;
			files = (
				861B57FE1C611FF1003464C1 /* Codepath_HW_1UITests.swift in Sources */,
			);
			runOnlyForDeploymentPostprocessing = 0;
		};
/* End PBXSourcesBuildPhase section */

/* Begin PBXTargetDependency section */
		861B57F01C611FF1003464C1 /* PBXTargetDependency */ = {
			isa = PBXTargetDependency;
			target = 861B57D91C611FF1003464C1 /* Codepath HW 1 */;
			targetProxy = 861B57EF1C611FF1003464C1 /* PBXContainerItemProxy */;
		};
		861B57FB1C611FF1003464C1 /* PBXTargetDependency */ = {
			isa = PBXTargetDependency;
			target = 861B57D91C611FF1003464C1 /* Codepath HW 1 */;
			targetProxy = 861B57FA1C611FF1003464C1 /* PBXContainerItemProxy */;
		};
/* End PBXTargetDependency section */

/* Begin PBXVariantGroup section */
		861B57E11C611FF1003464C1 /* Main.storyboard */ = {
			isa = PBXVariantGroup;
			children = (
				861B57E21C611FF1003464C1 /* Base */,
			);
			name = Main.storyboard;
			sourceTree = "<group>";
		};
		861B57E61C611FF1003464C1 /* LaunchScreen.storyboard */ = {
			isa = PBXVariantGroup;
			children = (
				861B57E71C611FF1003464C1 /* Base */,
			);
			name = LaunchScreen.storyboard;
			sourceTree = "<group>";
		};
/* End PBXVariantGroup section */

/* Begin XCBuildConfiguration section */
		861B58001C611FF1003464C1 /* Debug */ = {
			isa = XCBuildConfiguration;
			buildSettings = {
				ALWAYS_SEARCH_USER_PATHS = NO;
				CLANG_CXX_LANGUAGE_STANDARD = "gnu++0x";
				CLANG_CXX_LIBRARY = "libc++";
				CLANG_ENABLE_MODULES = YES;
				CLANG_ENABLE_OBJC_ARC = YES;
				CLANG_WARN_BOOL_CONVERSION = YES;
				CLANG_WARN_CONSTANT_CONVERSION = YES;
				CLANG_WARN_DIRECT_OBJC_ISA_USAGE = YES_ERROR;
				CLANG_WARN_EMPTY_BODY = YES;
				CLANG_WARN_ENUM_CONVERSION = YES;
				CLANG_WARN_INT_CONVERSION = YES;
				CLANG_WARN_OBJC_ROOT_CLASS = YES_ERROR;
				CLANG_WARN_UNREACHABLE_CODE = YES;
				CLANG_WARN__DUPLICATE_METHOD_MATCH = YES;
				"CODE_SIGN_IDENTITY[sdk=iphoneos*]" = "iPhone Developer";
				COPY_PHASE_STRIP = NO;
				DEBUG_INFORMATION_FORMAT = dwarf;
				ENABLE_STRICT_OBJC_MSGSEND = YES;
				ENABLE_TESTABILITY = YES;
				GCC_C_LANGUAGE_STANDARD = gnu99;
				GCC_DYNAMIC_NO_PIC = NO;
				GCC_NO_COMMON_BLOCKS = YES;
				GCC_OPTIMIZATION_LEVEL = 0;
				GCC_PREPROCESSOR_DEFINITIONS = (
					"DEBUG=1",
					"$(inherited)",
				);
				GCC_WARN_64_TO_32_BIT_CONVERSION = YES;
				GCC_WARN_ABOUT_RETURN_TYPE = YES_ERROR;
				GCC_WARN_UNDECLARED_SELECTOR = YES;
				GCC_WARN_UNINITIALIZED_AUTOS = YES_AGGRESSIVE;
				GCC_WARN_UNUSED_FUNCTION = YES;
				GCC_WARN_UNUSED_VARIABLE = YES;
				IPHONEOS_DEPLOYMENT_TARGET = 9.2;
				MTL_ENABLE_DEBUG_INFO = YES;
				ONLY_ACTIVE_ARCH = YES;
				SDKROOT = iphoneos;
				SWIFT_OPTIMIZATION_LEVEL = "-Onone";
			};
			name = Debug;
		};
		861B58011C611FF1003464C1 /* Release */ = {
			isa = XCBuildConfiguration;
			buildSettings = {
				ALWAYS_SEARCH_USER_PATHS = NO;
				CLANG_CXX_LANGUAGE_STANDARD = "gnu++0x";
				CLANG_CXX_LIBRARY = "libc++";
				CLANG_ENABLE_MODULES = YES;
				CLANG_ENABLE_OBJC_ARC = YES;
				CLANG_WARN_BOOL_CONVERSION = YES;
				CLANG_WARN_CONSTANT_CONVERSION = YES;
				CLANG_WARN_DIRECT_OBJC_ISA_USAGE = YES_ERROR;
				CLANG_WARN_EMPTY_BODY = YES;
				CLANG_WARN_ENUM_CONVERSION = YES;
				CLANG_WARN_INT_CONVERSION = YES;
				CLANG_WARN_OBJC_ROOT_CLASS = YES_ERROR;
				CLANG_WARN_UNREACHABLE_CODE = YES;
				CLANG_WARN__DUPLICATE_METHOD_MATCH = YES;
				"CODE_SIGN_IDENTITY[sdk=iphoneos*]" = "iPhone Developer";
				COPY_PHASE_STRIP = NO;
				DEBUG_INFORMATION_FORMAT = "dwarf-with-dsym";
				ENABLE_NS_ASSERTIONS = NO;
				ENABLE_STRICT_OBJC_MSGSEND = YES;
				GCC_C_LANGUAGE_STANDARD = gnu99;
				GCC_NO_COMMON_BLOCKS = YES;
				GCC_WARN_64_TO_32_BIT_CONVERSION = YES;
				GCC_WARN_ABOUT_RETURN_TYPE = YES_ERROR;
				GCC_WARN_UNDECLARED_SELECTOR = YES;
				GCC_WARN_UNINITIALIZED_AUTOS = YES_AGGRESSIVE;
				GCC_WARN_UNUSED_FUNCTION = YES;
				GCC_WARN_UNUSED_VARIABLE = YES;
				IPHONEOS_DEPLOYMENT_TARGET = 9.2;
				MTL_ENABLE_DEBUG_INFO = NO;
				SDKROOT = iphoneos;
				VALIDATE_PRODUCT = YES;
			};
			name = Release;
		};
		861B58031C611FF1003464C1 /* Debug */ = {
			isa = XCBuildConfiguration;
			buildSettings = {
				ASSETCATALOG_COMPILER_APPICON_NAME = AppIcon;
				INFOPLIST_FILE = "Codepath HW 1/Info.plist";
				LD_RUNPATH_SEARCH_PATHS = "$(inherited) @executable_path/Frameworks";
				PRODUCT_BUNDLE_IDENTIFIER = "alvin.Codepath-HW-1";
				PRODUCT_NAME = "$(TARGET_NAME)";
			};
			name = Debug;
		};
		861B58041C611FF1003464C1 /* Release */ = {
			isa = XCBuildConfiguration;
			buildSettings = {
				ASSETCATALOG_COMPILER_APPICON_NAME = AppIcon;
				INFOPLIST_FILE = "Codepath HW 1/Info.plist";
				LD_RUNPATH_SEARCH_PATHS = "$(inherited) @executable_path/Frameworks";
				PRODUCT_BUNDLE_IDENTIFIER = "alvin.Codepath-HW-1";
				PRODUCT_NAME = "$(TARGET_NAME)";
			};
			name = Release;
		};
		861B58061C611FF1003464C1 /* Debug */ = {
			isa = XCBuildConfiguration;
			buildSettings = {
				BUNDLE_LOADER = "$(TEST_HOST)";
				INFOPLIST_FILE = "Codepath HW 1Tests/Info.plist";
				LD_RUNPATH_SEARCH_PATHS = "$(inherited) @executable_path/Frameworks @loader_path/Frameworks";
				PRODUCT_BUNDLE_IDENTIFIER = "alvin.Codepath-HW-1Tests";
				PRODUCT_NAME = "$(TARGET_NAME)";
				TEST_HOST = "$(BUILT_PRODUCTS_DIR)/Codepath HW 1.app/Codepath HW 1";
			};
			name = Debug;
		};
		861B58071C611FF1003464C1 /* Release */ = {
			isa = XCBuildConfiguration;
			buildSettings = {
				BUNDLE_LOADER = "$(TEST_HOST)";
				INFOPLIST_FILE = "Codepath HW 1Tests/Info.plist";
				LD_RUNPATH_SEARCH_PATHS = "$(inherited) @executable_path/Frameworks @loader_path/Frameworks";
				PRODUCT_BUNDLE_IDENTIFIER = "alvin.Codepath-HW-1Tests";
				PRODUCT_NAME = "$(TARGET_NAME)";
				TEST_HOST = "$(BUILT_PRODUCTS_DIR)/Codepath HW 1.app/Codepath HW 1";
			};
			name = Release;
		};
		861B58091C611FF1003464C1 /* Debug */ = {
			isa = XCBuildConfiguration;
			buildSettings = {
				INFOPLIST_FILE = "Codepath HW 1UITests/Info.plist";
				LD_RUNPATH_SEARCH_PATHS = "$(inherited) @executable_path/Frameworks @loader_path/Frameworks";
				PRODUCT_BUNDLE_IDENTIFIER = "alvin.Codepath-HW-1UITests";
				PRODUCT_NAME = "$(TARGET_NAME)";
				TEST_TARGET_NAME = "Codepath HW 1";
				USES_XCTRUNNER = YES;
			};
			name = Debug;
		};
		861B580A1C611FF1003464C1 /* Release */ = {
			isa = XCBuildConfiguration;
			buildSettings = {
				INFOPLIST_FILE = "Codepath HW 1UITests/Info.plist";
				LD_RUNPATH_SEARCH_PATHS = "$(inherited) @executable_path/Frameworks @loader_path/Frameworks";
				PRODUCT_BUNDLE_IDENTIFIER = "alvin.Codepath-HW-1UITests";
				PRODUCT_NAME = "$(TARGET_NAME)";
				TEST_TARGET_NAME = "Codepath HW 1";
				USES_XCTRUNNER = YES;
			};
			name = Release;
		};
/* End XCBuildConfiguration section */

/* Begin XCConfigurationList section */
		861B57D51C611FF1003464C1 /* Build configuration list for PBXProject "Codepath HW 1" */ = {
			isa = XCConfigurationList;
			buildConfigurations = (
				861B58001C611FF1003464C1 /* Debug */,
				861B58011C611FF1003464C1 /* Release */,
			);
			defaultConfigurationIsVisible = 0;
			defaultConfigurationName = Release;
		};
		861B58021C611FF1003464C1 /* Build configuration list for PBXNativeTarget "Codepath HW 1" */ = {
			isa = XCConfigurationList;
			buildConfigurations = (
				861B58031C611FF1003464C1 /* Debug */,
				861B58041C611FF1003464C1 /* Release */,
			);
			defaultConfigurationIsVisible = 0;
			defaultConfigurationName = Release;
		};
		861B58051C611FF1003464C1 /* Build configuration list for PBXNativeTarget "Codepath HW 1Tests" */ = {
			isa = XCConfigurationList;
			buildConfigurations = (
				861B58061C611FF1003464C1 /* Debug */,
				861B58071C611FF1003464C1 /* Release */,
			);
			defaultConfigurationIsVisible = 0;
			defaultConfigurationName = Release;
		};
		861B58081C611FF1003464C1 /* Build configuration list for PBXNativeTarget "Codepath HW 1UITests" */ = {
			isa = XCConfigurationList;
			buildConfigurations = (
				861B58091C611FF1003464C1 /* Debug */,
				861B580A1C611FF1003464C1 /* Release */,
			);
			defaultConfigurationIsVisible = 0;
			defaultConfigurationName = Release;
		};
/* End XCConfigurationList section */
	};
	rootObject = 861B57D21C611FF1003464C1 /* Project object */;
}
